NeoBundleLock badwolf 25b81062e23e2e570d42d9bc510e7d9e48cda213
NeoBundleLock jedi-vim 8334e505b389168d28c947d88de237d8001a1e8e
NeoBundleLock jpythonfold.vim d816326ed3a038340a017647d8dffef826001702
NeoBundleLock neobundle.vim 380d9d299300019c0a9970ae6b87faabedab0747
NeoBundleLock neosnippet 9eac227835317d2fad9ae9b816590ce33a3ab7c4
NeoBundleLock neosnippet-snippets dbce664a473e2344d2cc4e494fb5e408452646e2
NeoBundleLock nyan-modoki.vim 383c58321508bb486a063a24153da9359281a544
NeoBundleLock pyflakes-vim 92ab1d390d0dbf0d949aba27c9eb1e4ed0abde0e
NeoBundleLock python-syntax 69760cb3accce488cc072772ca918ac2cbf384ba
NeoBundleLock syntastic 6e467b89302bd1446c30d5d9896704c8e139ff88
NeoBundleLock unite.vim 9a7c505db45d4b535138e880a4905a8f06f19a88
NeoBundleLock vesting 81a1692f60e55e1f24793f515a457b9831b71523
NeoBundleLock vim-indent-guides 018298ead9d3aa9cd3b4ae222f81022a33978b09
NeoBundleLock vim-python-pep8-indent f4f95ee041370e3e79bb72cb9b360a4ec5707785
NeoBundleLock vimproc.vim 0ff17bc0725cd0323df87664fa02b1436349f667
NeoBundleLock vimshell a14a5b72a6fd0eaad94a0918d4a4fc45fae6fd06
NeoBundleLock vimshell-kawaii.vim 408a25b72d93d33cbed8e1bd520074cbd899e636
